// !$*UTF8*$!
{
	archiveVersion = 1;
	classes = {
	};
	objectVersion = 46;
	objects = {

/* Begin PBXBuildFile section */
		314AB44C1581A0DF00447DDC /* UIKit.framework in Frameworks */ = {isa = PBXBuildFile; fileRef = 314AB44B1581A0DF00447DDC /* UIKit.framework */; };
		314AB44E1581A0DF00447DDC /* Foundation.framework in Frameworks */ = {isa = PBXBuildFile; fileRef = 314AB44D1581A0DF00447DDC /* Foundation.framework */; };
		314AB4501581A0DF00447DDC /* CoreGraphics.framework in Frameworks */ = {isa = PBXBuildFile; fileRef = 314AB44F1581A0DF00447DDC /* CoreGraphics.framework */; };
		314AB4561581A0DF00447DDC /* InfoPlist.strings in Resources */ = {isa = PBXBuildFile; fileRef = 314AB4541581A0DF00447DDC /* InfoPlist.strings */; };
		314AB4581581A0DF00447DDC /* main.m in Sources */ = {isa = PBXBuildFile; fileRef = 314AB4571581A0DF00447DDC /* main.m */; };
		314AB45C1581A0DF00447DDC /* AppDelegate.m in Sources */ = {isa = PBXBuildFile; fileRef = 314AB45B1581A0DF00447DDC /* AppDelegate.m */; };
		314AB45F1581A0DF00447DDC /* MasterViewController.m in Sources */ = {isa = PBXBuildFile; fileRef = 314AB45E1581A0DF00447DDC /* MasterViewController.m */; };
		314AB4621581A0DF00447DDC /* DetailViewController.m in Sources */ = {isa = PBXBuildFile; fileRef = 314AB4611581A0DF00447DDC /* DetailViewController.m */; };
		314AB4651581A0DF00447DDC /* MasterViewController.xib in Resources */ = {isa = PBXBuildFile; fileRef = 314AB4631581A0DF00447DDC /* MasterViewController.xib */; };
		314AB4681581A0DF00447DDC /* DetailViewController.xib in Resources */ = {isa = PBXBuildFile; fileRef = 314AB4661581A0DF00447DDC /* DetailViewController.xib */; };
		314AB51F1581C0D200447DDC /* libThree20.a in Frameworks */ = {isa = PBXBuildFile; fileRef = 314AB4E41581C05D00447DDC /* libThree20.a */; };
		314AB5201581C0D200447DDC /* libThree20Core.a in Frameworks */ = {isa = PBXBuildFile; fileRef = 314AB4FE1581C09F00447DDC /* libThree20Core.a */; };
		314AB5211581C0D200447DDC /* libThree20Network.a in Frameworks */ = {isa = PBXBuildFile; fileRef = 314AB5041581C09F00447DDC /* libThree20Network.a */; };
		314AB5221581C0D200447DDC /* libThree20Style.a in Frameworks */ = {isa = PBXBuildFile; fileRef = 314AB50A1581C09F00447DDC /* libThree20Style.a */; };
		314AB5231581C0D200447DDC /* libThree20UI.a in Frameworks */ = {isa = PBXBuildFile; fileRef = 314AB5101581C09F00447DDC /* libThree20UI.a */; };
		314AB5241581C0D200447DDC /* libThree20UICommon.a in Frameworks */ = {isa = PBXBuildFile; fileRef = 314AB5161581C09F00447DDC /* libThree20UICommon.a */; };
		314AB5251581C0D200447DDC /* libThree20UINavigator.a in Frameworks */ = {isa = PBXBuildFile; fileRef = 314AB51C1581C09F00447DDC /* libThree20UINavigator.a */; };
		314AB5431581C19D00447DDC /* QuartzCore.framework in Frameworks */ = {isa = PBXBuildFile; fileRef = 314AB5421581C19D00447DDC /* QuartzCore.framework */; };
		314AB5451581C1DD00447DDC /* Three20.bundle in Resources */ = {isa = PBXBuildFile; fileRef = 314AB5441581C1DD00447DDC /* Three20.bundle */; };
/* End PBXBuildFile section */

/* Begin PBXContainerItemProxy section */
		314AB4E31581C05D00447DDC /* PBXContainerItemProxy */ = {
			isa = PBXContainerItemProxy;
			containerPortal = 314AB4B81581C05C00447DDC /* Three20.xcodeproj */;
			proxyType = 2;
			remoteGlobalIDString = BEF31F3A0F352DF5000DE5D2;
			remoteInfo = Three20;
		};
		314AB4E51581C05D00447DDC /* PBXContainerItemProxy */ = {
			isa = PBXContainerItemProxy;
			containerPortal = 314AB4B81581C05C00447DDC /* Three20.xcodeproj */;
			proxyType = 2;
			remoteGlobalIDString = EB9E6C6210B6A8F800DE563C;
			remoteInfo = Three20UnitTests;
		};
		314AB4FD1581C09F00447DDC /* PBXContainerItemProxy */ = {
			isa = PBXContainerItemProxy;
			containerPortal = 314AB4E91581C09F00447DDC /* Three20Core.xcodeproj */;
			proxyType = 2;
			remoteGlobalIDString = BEF31F3A0F352DF5000DE5D2;
			remoteInfo = Three20Core;
		};
		314AB4FF1581C09F00447DDC /* PBXContainerItemProxy */ = {
			isa = PBXContainerItemProxy;
			containerPortal = 314AB4E91581C09F00447DDC /* Three20Core.xcodeproj */;
			proxyType = 2;
			remoteGlobalIDString = EB9E6C6210B6A8F800DE563C;
			remoteInfo = Three20CoreUnitTests;
		};
		314AB5031581C09F00447DDC /* PBXContainerItemProxy */ = {
			isa = PBXContainerItemProxy;
			containerPortal = 314AB4EA1581C09F00447DDC /* Three20Network.xcodeproj */;
			proxyType = 2;
			remoteGlobalIDString = BEF31F3A0F352DF5000DE5D2;
			remoteInfo = Three20Network;
		};
		314AB5051581C09F00447DDC /* PBXContainerItemProxy */ = {
			isa = PBXContainerItemProxy;
			containerPortal = 314AB4EA1581C09F00447DDC /* Three20Network.xcodeproj */;
			proxyType = 2;
			remoteGlobalIDString = EB9E6C6210B6A8F800DE563C;
			remoteInfo = Three20NetworkUnitTests;
		};
		314AB5091581C09F00447DDC /* PBXContainerItemProxy */ = {
			isa = PBXContainerItemProxy;
			containerPortal = 314AB4EB1581C09F00447DDC /* Three20Style.xcodeproj */;
			proxyType = 2;
			remoteGlobalIDString = BEF31F3A0F352DF5000DE5D2;
			remoteInfo = Three20Style;
		};
		314AB50B1581C09F00447DDC /* PBXContainerItemProxy */ = {
			isa = PBXContainerItemProxy;
			containerPortal = 314AB4EB1581C09F00447DDC /* Three20Style.xcodeproj */;
			proxyType = 2;
			remoteGlobalIDString = EB9E6C6210B6A8F800DE563C;
			remoteInfo = Three20StyleUnitTests;
		};
		314AB50F1581C09F00447DDC /* PBXContainerItemProxy */ = {
			isa = PBXContainerItemProxy;
			containerPortal = 314AB4EE1581C09F00447DDC /* Three20UI.xcodeproj */;
			proxyType = 2;
			remoteGlobalIDString = BEF31F3A0F352DF5000DE5D2;
			remoteInfo = Three20UI;
		};
		314AB5111581C09F00447DDC /* PBXContainerItemProxy */ = {
			isa = PBXContainerItemProxy;
			containerPortal = 314AB4EE1581C09F00447DDC /* Three20UI.xcodeproj */;
			proxyType = 2;
			remoteGlobalIDString = EB9E6C6210B6A8F800DE563C;
			remoteInfo = Three20UIUnitTests;
		};
		314AB5151581C09F00447DDC /* PBXContainerItemProxy */ = {
			isa = PBXContainerItemProxy;
			containerPortal = 314AB4EC1581C09F00447DDC /* Three20UICommon.xcodeproj */;
			proxyType = 2;
			remoteGlobalIDString = BEF31F3A0F352DF5000DE5D2;
			remoteInfo = Three20UICommon;
		};
		314AB5171581C09F00447DDC /* PBXContainerItemProxy */ = {
			isa = PBXContainerItemProxy;
			containerPortal = 314AB4EC1581C09F00447DDC /* Three20UICommon.xcodeproj */;
			proxyType = 2;
			remoteGlobalIDString = EB9E6C6210B6A8F800DE563C;
			remoteInfo = Three20UICommonUnitTests;
		};
		314AB51B1581C09F00447DDC /* PBXContainerItemProxy */ = {
			isa = PBXContainerItemProxy;
			containerPortal = 314AB4ED1581C09F00447DDC /* Three20UINavigator.xcodeproj */;
			proxyType = 2;
			remoteGlobalIDString = BEF31F3A0F352DF5000DE5D2;
			remoteInfo = Three20UINavigator;
		};
		314AB51D1581C09F00447DDC /* PBXContainerItemProxy */ = {
			isa = PBXContainerItemProxy;
			containerPortal = 314AB4ED1581C09F00447DDC /* Three20UINavigator.xcodeproj */;
			proxyType = 2;
			remoteGlobalIDString = EB9E6C6210B6A8F800DE563C;
			remoteInfo = Three20UINavigatorUnitTests;
		};
		314AB5261581C11300447DDC /* PBXContainerItemProxy */ = {
			isa = PBXContainerItemProxy;
			containerPortal = 314AB4EA1581C09F00447DDC /* Three20Network.xcodeproj */;
			proxyType = 1;
			remoteGlobalIDString = BEF31F390F352DF5000DE5D2;
			remoteInfo = Three20Network;
		};
		314AB5281581C11300447DDC /* PBXContainerItemProxy */ = {
			isa = PBXContainerItemProxy;
			containerPortal = 314AB4ED1581C09F00447DDC /* Three20UINavigator.xcodeproj */;
			proxyType = 1;
			remoteGlobalIDString = BEF31F390F352DF5000DE5D2;
			remoteInfo = Three20UINavigator;
		};
		314AB52A1581C11300447DDC /* PBXContainerItemProxy */ = {
			isa = PBXContainerItemProxy;
			containerPortal = 314AB4EC1581C09F00447DDC /* Three20UICommon.xcodeproj */;
			proxyType = 1;
			remoteGlobalIDString = BEF31F390F352DF5000DE5D2;
			remoteInfo = Three20UICommon;
		};
		314AB52C1581C11300447DDC /* PBXContainerItemProxy */ = {
			isa = PBXContainerItemProxy;
			containerPortal = 314AB4B81581C05C00447DDC /* Three20.xcodeproj */;
			proxyType = 1;
			remoteGlobalIDString = BEF31F390F352DF5000DE5D2;
			remoteInfo = Three20;
		};
		314AB52E1581C11300447DDC /* PBXContainerItemProxy */ = {
			isa = PBXContainerItemProxy;
			containerPortal = 314AB4EE1581C09F00447DDC /* Three20UI.xcodeproj */;
			proxyType = 1;
			remoteGlobalIDString = BEF31F390F352DF5000DE5D2;
			remoteInfo = Three20UI;
		};
		314AB5301581C11300447DDC /* PBXContainerItemProxy */ = {
			isa = PBXContainerItemProxy;
			containerPortal = 314AB4EB1581C09F00447DDC /* Three20Style.xcodeproj */;
			proxyType = 1;
			remoteGlobalIDString = BEF31F390F352DF5000DE5D2;
			remoteInfo = Three20Style;
		};
		314AB5321581C11300447DDC /* PBXContainerItemProxy */ = {
			isa = PBXContainerItemProxy;
			containerPortal = 314AB4E91581C09F00447DDC /* Three20Core.xcodeproj */;
			proxyType = 1;
			remoteGlobalIDString = BEF31F390F352DF5000DE5D2;
			remoteInfo = Three20Core;
		};
		314AB5341581C13F00447DDC /* PBXContainerItemProxy */ = {
			isa = PBXContainerItemProxy;
			containerPortal = 314AB4EA1581C09F00447DDC /* Three20Network.xcodeproj */;
			proxyType = 1;
			remoteGlobalIDString = EB9E6C6110B6A8F800DE563C;
			remoteInfo = Three20NetworkUnitTests;
		};
		314AB5361581C13F00447DDC /* PBXContainerItemProxy */ = {
			isa = PBXContainerItemProxy;
			containerPortal = 314AB4ED1581C09F00447DDC /* Three20UINavigator.xcodeproj */;
			proxyType = 1;
			remoteGlobalIDString = EB9E6C6110B6A8F800DE563C;
			remoteInfo = Three20UINavigatorUnitTests;
		};
		314AB5381581C13F00447DDC /* PBXContainerItemProxy */ = {
			isa = PBXContainerItemProxy;
			containerPortal = 314AB4EC1581C09F00447DDC /* Three20UICommon.xcodeproj */;
			proxyType = 1;
			remoteGlobalIDString = EB9E6C6110B6A8F800DE563C;
			remoteInfo = Three20UICommonUnitTests;
		};
		314AB53A1581C13F00447DDC /* PBXContainerItemProxy */ = {
			isa = PBXContainerItemProxy;
			containerPortal = 314AB4B81581C05C00447DDC /* Three20.xcodeproj */;
			proxyType = 1;
			remoteGlobalIDString = EB9E6C6110B6A8F800DE563C;
			remoteInfo = Three20UnitTests;
		};
		314AB53C1581C13F00447DDC /* PBXContainerItemProxy */ = {
			isa = PBXContainerItemProxy;
			containerPortal = 314AB4EE1581C09F00447DDC /* Three20UI.xcodeproj */;
			proxyType = 1;
			remoteGlobalIDString = EB9E6C6110B6A8F800DE563C;
			remoteInfo = Three20UIUnitTests;
		};
		314AB53E1581C13F00447DDC /* PBXContainerItemProxy */ = {
			isa = PBXContainerItemProxy;
			containerPortal = 314AB4EB1581C09F00447DDC /* Three20Style.xcodeproj */;
			proxyType = 1;
			remoteGlobalIDString = EB9E6C6110B6A8F800DE563C;
			remoteInfo = Three20StyleUnitTests;
		};
		314AB5401581C13F00447DDC /* PBXContainerItemProxy */ = {
			isa = PBXContainerItemProxy;
			containerPortal = 314AB4E91581C09F00447DDC /* Three20Core.xcodeproj */;
			proxyType = 1;
			remoteGlobalIDString = EB9E6C6110B6A8F800DE563C;
			remoteInfo = Three20CoreUnitTests;
		};
/* End PBXContainerItemProxy section */

/* Begin PBXFileReference section */
		314AB4471581A0DF00447DDC /* Tree20Demo.app */ = {isa = PBXFileReference; explicitFileType = wrapper.application; includeInIndex = 0; path = Tree20Demo.app; sourceTree = BUILT_PRODUCTS_DIR; };
		314AB44B1581A0DF00447DDC /* UIKit.framework */ = {isa = PBXFileReference; lastKnownFileType = wrapper.framework; name = UIKit.framework; path = System/Library/Frameworks/UIKit.framework; sourceTree = SDKROOT; };
		314AB44D1581A0DF00447DDC /* Foundation.framework */ = {isa = PBXFileReference; lastKnownFileType = wrapper.framework; name = Foundation.framework; path = System/Library/Frameworks/Foundation.framework; sourceTree = SDKROOT; };
		314AB44F1581A0DF00447DDC /* CoreGraphics.framework */ = {isa = PBXFileReference; lastKnownFileType = wrapper.framework; name = CoreGraphics.framework; path = System/Library/Frameworks/CoreGraphics.framework; sourceTree = SDKROOT; };
		314AB4531581A0DF00447DDC /* Tree20Demo-Info.plist */ = {isa = PBXFileReference; lastKnownFileType = text.plist.xml; path = "Tree20Demo-Info.plist"; sourceTree = "<group>"; };
		314AB4551581A0DF00447DDC /* en */ = {isa = PBXFileReference; lastKnownFileType = text.plist.strings; name = en; path = en.lproj/InfoPlist.strings; sourceTree = "<group>"; };
		314AB4571581A0DF00447DDC /* main.m */ = {isa = PBXFileReference; lastKnownFileType = sourcecode.c.objc; path = main.m; sourceTree = "<group>"; };
		314AB4591581A0DF00447DDC /* Tree20Demo-Prefix.pch */ = {isa = PBXFileReference; lastKnownFileType = sourcecode.c.h; path = "Tree20Demo-Prefix.pch"; sourceTree = "<group>"; };
		314AB45A1581A0DF00447DDC /* AppDelegate.h */ = {isa = PBXFileReference; lastKnownFileType = sourcecode.c.h; path = AppDelegate.h; sourceTree = "<group>"; };
		314AB45B1581A0DF00447DDC /* AppDelegate.m */ = {isa = PBXFileReference; lastKnownFileType = sourcecode.c.objc; path = AppDelegate.m; sourceTree = "<group>"; };
		314AB45D1581A0DF00447DDC /* MasterViewController.h */ = {isa = PBXFileReference; lastKnownFileType = sourcecode.c.h; path = MasterViewController.h; sourceTree = "<group>"; };
		314AB45E1581A0DF00447DDC /* MasterViewController.m */ = {isa = PBXFileReference; lastKnownFileType = sourcecode.c.objc; path = MasterViewController.m; sourceTree = "<group>"; };
		314AB4601581A0DF00447DDC /* DetailViewController.h */ = {isa = PBXFileReference; lastKnownFileType = sourcecode.c.h; path = DetailViewController.h; sourceTree = "<group>"; };
		314AB4611581A0DF00447DDC /* DetailViewController.m */ = {isa = PBXFileReference; lastKnownFileType = sourcecode.c.objc; path = DetailViewController.m; sourceTree = "<group>"; };
		314AB4641581A0DF00447DDC /* en */ = {isa = PBXFileReference; lastKnownFileType = file.xib; name = en; path = en.lproj/MasterViewController.xib; sourceTree = "<group>"; };
		314AB4671581A0DF00447DDC /* en */ = {isa = PBXFileReference; lastKnownFileType = file.xib; name = en; path = en.lproj/DetailViewController.xib; sourceTree = "<group>"; };
		314AB4B81581C05C00447DDC /* Three20.xcodeproj */ = {isa = PBXFileReference; lastKnownFileType = "wrapper.pb-project"; name = Three20.xcodeproj; path = Three20/src/Three20/Three20.xcodeproj; sourceTree = SOURCE_ROOT; };
		314AB4E91581C09F00447DDC /* Three20Core.xcodeproj */ = {isa = PBXFileReference; lastKnownFileType = "wrapper.pb-project"; name = Three20Core.xcodeproj; path = ../Three20/src/Three20Core/Three20Core.xcodeproj; sourceTree = "<group>"; };
		314AB4EA1581C09F00447DDC /* Three20Network.xcodeproj */ = {isa = PBXFileReference; lastKnownFileType = "wrapper.pb-project"; name = Three20Network.xcodeproj; path = ../Three20/src/Three20Network/Three20Network.xcodeproj; sourceTree = "<group>"; };
		314AB4EB1581C09F00447DDC /* Three20Style.xcodeproj */ = {isa = PBXFileReference; lastKnownFileType = "wrapper.pb-project"; name = Three20Style.xcodeproj; path = ../Three20/src/Three20Style/Three20Style.xcodeproj; sourceTree = "<group>"; };
		314AB4EC1581C09F00447DDC /* Three20UICommon.xcodeproj */ = {isa = PBXFileReference; lastKnownFileType = "wrapper.pb-project"; name = Three20UICommon.xcodeproj; path = Three20/src/Three20/../Three20UICommon/Three20UICommon.xcodeproj; sourceTree = SOURCE_ROOT; };
		314AB4ED1581C09F00447DDC /* Three20UINavigator.xcodeproj */ = {isa = PBXFileReference; lastKnownFileType = "wrapper.pb-project"; name = Three20UINavigator.xcodeproj; path = Three20/src/Three20/../Three20UINavigator/Three20UINavigator.xcodeproj; sourceTree = SOURCE_ROOT; };
		314AB4EE1581C09F00447DDC /* Three20UI.xcodeproj */ = {isa = PBXFileReference; lastKnownFileType = "wrapper.pb-project"; name = Three20UI.xcodeproj; path = Three20/src/Three20/../Three20UI/Three20UI.xcodeproj; sourceTree = SOURCE_ROOT; };
		314AB5421581C19D00447DDC /* QuartzCore.framework */ = {isa = PBXFileReference; lastKnownFileType = wrapper.framework; name = QuartzCore.framework; path = System/Library/Frameworks/QuartzCore.framework; sourceTree = SDKROOT; };
		314AB5441581C1DD00447DDC /* Three20.bundle */ = {isa = PBXFileReference; lastKnownFileType = "wrapper.plug-in"; name = Three20.bundle; path = Three20/src/Three20.bundle; sourceTree = SOURCE_ROOT; };
/* End PBXFileReference section */

/* Begin PBXFrameworksBuildPhase section */
		314AB4441581A0DF00447DDC /* Frameworks */ = {
			isa = PBXFrameworksBuildPhase;
			buildActionMask = 2147483647;
			files = (
				314AB5431581C19D00447DDC /* QuartzCore.framework in Frameworks */,
				314AB51F1581C0D200447DDC /* libThree20.a in Frameworks */,
				314AB5201581C0D200447DDC /* libThree20Core.a in Frameworks */,
				314AB5211581C0D200447DDC /* libThree20Network.a in Frameworks */,
				314AB5221581C0D200447DDC /* libThree20Style.a in Frameworks */,
				314AB5231581C0D200447DDC /* libThree20UI.a in Frameworks */,
				314AB5241581C0D200447DDC /* libThree20UICommon.a in Frameworks */,
				314AB5251581C0D200447DDC /* libThree20UINavigator.a in Frameworks */,
				314AB44C1581A0DF00447DDC /* UIKit.framework in Frameworks */,
				314AB44E1581A0DF00447DDC /* Foundation.framework in Frameworks */,
				314AB4501581A0DF00447DDC /* CoreGraphics.framework in Frameworks */,
			);
			runOnlyForDeploymentPostprocessing = 0;
		};
/* End PBXFrameworksBuildPhase section */

/* Begin PBXGroup section */
		314AB43C1581A0DF00447DDC = {
			isa = PBXGroup;
			children = (
				314AB5421581C19D00447DDC /* QuartzCore.framework */,
				314AB4511581A0DF00447DDC /* Tree20Demo */,
				314AB44A1581A0DF00447DDC /* Frameworks */,
				314AB4481581A0DF00447DDC /* Products */,
			);
			sourceTree = "<group>";
		};
		314AB4481581A0DF00447DDC /* Products */ = {
			isa = PBXGroup;
			children = (
				314AB4471581A0DF00447DDC /* Tree20Demo.app */,
			);
			name = Products;
			sourceTree = "<group>";
		};
		314AB44A1581A0DF00447DDC /* Frameworks */ = {
			isa = PBXGroup;
			children = (
				314AB44B1581A0DF00447DDC /* UIKit.framework */,
				314AB44D1581A0DF00447DDC /* Foundation.framework */,
				314AB44F1581A0DF00447DDC /* CoreGraphics.framework */,
			);
			name = Frameworks;
			sourceTree = "<group>";
		};
		314AB4511581A0DF00447DDC /* Tree20Demo */ = {
			isa = PBXGroup;
			children = (
				314AB45A1581A0DF00447DDC /* AppDelegate.h */,
				314AB45B1581A0DF00447DDC /* AppDelegate.m */,
				314AB45D1581A0DF00447DDC /* MasterViewController.h */,
				314AB45E1581A0DF00447DDC /* MasterViewController.m */,
				314AB4601581A0DF00447DDC /* DetailViewController.h */,
				314AB4611581A0DF00447DDC /* DetailViewController.m */,
				314AB4631581A0DF00447DDC /* MasterViewController.xib */,
				314AB4661581A0DF00447DDC /* DetailViewController.xib */,
				314AB5441581C1DD00447DDC /* Three20.bundle */,
				314AB4E91581C09F00447DDC /* Three20Core.xcodeproj */,
				314AB4EA1581C09F00447DDC /* Three20Network.xcodeproj */,
				314AB4EB1581C09F00447DDC /* Three20Style.xcodeproj */,
				314AB4EC1581C09F00447DDC /* Three20UICommon.xcodeproj */,
				314AB4ED1581C09F00447DDC /* Three20UINavigator.xcodeproj */,
				314AB4EE1581C09F00447DDC /* Three20UI.xcodeproj */,
				314AB4B81581C05C00447DDC /* Three20.xcodeproj */,
				314AB4521581A0DF00447DDC /* Supporting Files */,
			);
			path = Tree20Demo;
			sourceTree = "<group>";
		};
		314AB4521581A0DF00447DDC /* Supporting Files */ = {
			isa = PBXGroup;
			children = (
				314AB4531581A0DF00447DDC /* Tree20Demo-Info.plist */,
				314AB4541581A0DF00447DDC /* InfoPlist.strings */,
				314AB4571581A0DF00447DDC /* main.m */,
				314AB4591581A0DF00447DDC /* Tree20Demo-Prefix.pch */,
			);
			name = "Supporting Files";
			sourceTree = "<group>";
		};
		314AB4B91581C05C00447DDC /* Products */ = {
			isa = PBXGroup;
			children = (
				314AB4E41581C05D00447DDC /* libThree20.a */,
				314AB4E61581C05D00447DDC /* Three20UnitTests.octest */,
			);
			name = Products;
			sourceTree = "<group>";
		};
		314AB4EF1581C09F00447DDC /* Products */ = {
			isa = PBXGroup;
			children = (
				314AB4FE1581C09F00447DDC /* libThree20Core.a */,
				314AB5001581C09F00447DDC /* CoreUnitTests.octest */,
			);
			name = Products;
			sourceTree = "<group>";
		};
		314AB4F11581C09F00447DDC /* Products */ = {
			isa = PBXGroup;
			children = (
				314AB5041581C09F00447DDC /* libThree20Network.a */,
				314AB5061581C09F00447DDC /* NetworkUnitTests.octest */,
			);
			name = Products;
			sourceTree = "<group>";
		};
		314AB4F31581C09F00447DDC /* Products */ = {
			isa = PBXGroup;
			children = (
				314AB50A1581C09F00447DDC /* libThree20Style.a */,
				314AB50C1581C09F00447DDC /* StyleUnitTests.octest */,
			);
			name = Products;
			sourceTree = "<group>";
		};
		314AB4F51581C09F00447DDC /* Products */ = {
			isa = PBXGroup;
			children = (
				314AB5161581C09F00447DDC /* libThree20UICommon.a */,
				314AB5181581C09F00447DDC /* UICommonUnitTests.octest */,
			);
			name = Products;
			sourceTree = "<group>";
		};
		314AB4F71581C09F00447DDC /* Products */ = {
			isa = PBXGroup;
			children = (
				314AB51C1581C09F00447DDC /* libThree20UINavigator.a */,
				314AB51E1581C09F00447DDC /* UINavigatorUnitTests.octest */,
			);
			name = Products;
			sourceTree = "<group>";
		};
		314AB4F91581C09F00447DDC /* Products */ = {
			isa = PBXGroup;
			children = (
				314AB5101581C09F00447DDC /* libThree20UI.a */,
				314AB5121581C09F00447DDC /* UIUnitTests.octest */,
			);
			name = Products;
			sourceTree = "<group>";
		};
/* End PBXGroup section */

/* Begin PBXNativeTarget section */
		314AB4461581A0DF00447DDC /* Tree20Demo */ = {
			isa = PBXNativeTarget;
			buildConfigurationList = 314AB46B1581A0DF00447DDC /* Build configuration list for PBXNativeTarget "Tree20Demo" */;
			buildPhases = (
				314AB4431581A0DF00447DDC /* Sources */,
				314AB4441581A0DF00447DDC /* Frameworks */,
				314AB4451581A0DF00447DDC /* Resources */,
			);
			buildRules = (
			);
			dependencies = (
				314AB5351581C13F00447DDC /* PBXTargetDependency */,
				314AB5371581C13F00447DDC /* PBXTargetDependency */,
				314AB5391581C13F00447DDC /* PBXTargetDependency */,
				314AB53B1581C13F00447DDC /* PBXTargetDependency */,
				314AB53D1581C13F00447DDC /* PBXTargetDependency */,
				314AB53F1581C13F00447DDC /* PBXTargetDependency */,
				314AB5411581C13F00447DDC /* PBXTargetDependency */,
				314AB5271581C11300447DDC /* PBXTargetDependency */,
				314AB5291581C11300447DDC /* PBXTargetDependency */,
				314AB52B1581C11300447DDC /* PBXTargetDependency */,
				314AB52D1581C11300447DDC /* PBXTargetDependency */,
				314AB52F1581C11300447DDC /* PBXTargetDependency */,
				314AB5311581C11300447DDC /* PBXTargetDependency */,
				314AB5331581C11300447DDC /* PBXTargetDependency */,
			);
			name = Tree20Demo;
			productName = Tree20Demo;
			productReference = 314AB4471581A0DF00447DDC /* Tree20Demo.app */;
			productType = "com.apple.product-type.application";
		};
/* End PBXNativeTarget section */

/* Begin PBXProject section */
		314AB43E1581A0DF00447DDC /* Project object */ = {
			isa = PBXProject;
			attributes = {
				LastUpgradeCheck = 0420;
			};
			buildConfigurationList = 314AB4411581A0DF00447DDC /* Build configuration list for PBXProject "Tree20Demo" */;
			compatibilityVersion = "Xcode 3.2";
			developmentRegion = English;
			hasScannedForEncodings = 0;
			knownRegions = (
				en,
			);
			mainGroup = 314AB43C1581A0DF00447DDC;
			productRefGroup = 314AB4481581A0DF00447DDC /* Products */;
			projectDirPath = "";
			projectReferences = (
				{
					ProductGroup = 314AB4B91581C05C00447DDC /* Products */;
					ProjectRef = 314AB4B81581C05C00447DDC /* Three20.xcodeproj */;
				},
				{
					ProductGroup = 314AB4EF1581C09F00447DDC /* Products */;
					ProjectRef = 314AB4E91581C09F00447DDC /* Three20Core.xcodeproj */;
				},
				{
					ProductGroup = 314AB4F11581C09F00447DDC /* Products */;
					ProjectRef = 314AB4EA1581C09F00447DDC /* Three20Network.xcodeproj */;
				},
				{
					ProductGroup = 314AB4F31581C09F00447DDC /* Products */;
					ProjectRef = 314AB4EB1581C09F00447DDC /* Three20Style.xcodeproj */;
				},
				{
					ProductGroup = 314AB4F91581C09F00447DDC /* Products */;
					ProjectRef = 314AB4EE1581C09F00447DDC /* Three20UI.xcodeproj */;
				},
				{
					ProductGroup = 314AB4F51581C09F00447DDC /* Products */;
					ProjectRef = 314AB4EC1581C09F00447DDC /* Three20UICommon.xcodeproj */;
				},
				{
					ProductGroup = 314AB4F71581C09F00447DDC /* Products */;
					ProjectRef = 314AB4ED1581C09F00447DDC /* Three20UINavigator.xcodeproj */;
				},
			);
			projectRoot = "";
			targets = (
				314AB4461581A0DF00447DDC /* Tree20Demo */,
			);
		};
/* End PBXProject section */

/* Begin PBXReferenceProxy section */
		314AB4E41581C05D00447DDC /* libThree20.a */ = {
			isa = PBXReferenceProxy;
			fileType = archive.ar;
			path = libThree20.a;
			remoteRef = 314AB4E31581C05D00447DDC /* PBXContainerItemProxy */;
			sourceTree = BUILT_PRODUCTS_DIR;
		};
		314AB4E61581C05D00447DDC /* Three20UnitTests.octest */ = {
			isa = PBXReferenceProxy;
			fileType = wrapper.cfbundle;
			path = Three20UnitTests.octest;
			remoteRef = 314AB4E51581C05D00447DDC /* PBXContainerItemProxy */;
			sourceTree = BUILT_PRODUCTS_DIR;
		};
		314AB4FE1581C09F00447DDC /* libThree20Core.a */ = {
			isa = PBXReferenceProxy;
			fileType = archive.ar;
			path = libThree20Core.a;
			remoteRef = 314AB4FD1581C09F00447DDC /* PBXContainerItemProxy */;
			sourceTree = BUILT_PRODUCTS_DIR;
		};
		314AB5001581C09F00447DDC /* CoreUnitTests.octest */ = {
			isa = PBXReferenceProxy;
			fileType = wrapper.cfbundle;
			path = CoreUnitTests.octest;
			remoteRef = 314AB4FF1581C09F00447DDC /* PBXContainerItemProxy */;
			sourceTree = BUILT_PRODUCTS_DIR;
		};
		314AB5041581C09F00447DDC /* libThree20Network.a */ = {
			isa = PBXReferenceProxy;
			fileType = archive.ar;
			path = libThree20Network.a;
			remoteRef = 314AB5031581C09F00447DDC /* PBXContainerItemProxy */;
			sourceTree = BUILT_PRODUCTS_DIR;
		};
		314AB5061581C09F00447DDC /* NetworkUnitTests.octest */ = {
			isa = PBXReferenceProxy;
			fileType = wrapper.cfbundle;
			path = NetworkUnitTests.octest;
			remoteRef = 314AB5051581C09F00447DDC /* PBXContainerItemProxy */;
			sourceTree = BUILT_PRODUCTS_DIR;
		};
		314AB50A1581C09F00447DDC /* libThree20Style.a */ = {
			isa = PBXReferenceProxy;
			fileType = archive.ar;
			path = libThree20Style.a;
			remoteRef = 314AB5091581C09F00447DDC /* PBXContainerItemProxy */;
			sourceTree = BUILT_PRODUCTS_DIR;
		};
		314AB50C1581C09F00447DDC /* StyleUnitTests.octest */ = {
			isa = PBXReferenceProxy;
			fileType = wrapper.cfbundle;
			path = StyleUnitTests.octest;
			remoteRef = 314AB50B1581C09F00447DDC /* PBXContainerItemProxy */;
			sourceTree = BUILT_PRODUCTS_DIR;
		};
		314AB5101581C09F00447DDC /* libThree20UI.a */ = {
			isa = PBXReferenceProxy;
			fileType = archive.ar;
			path = libThree20UI.a;
			remoteRef = 314AB50F1581C09F00447DDC /* PBXContainerItemProxy */;
			sourceTree = BUILT_PRODUCTS_DIR;
		};
		314AB5121581C09F00447DDC /* UIUnitTests.octest */ = {
			isa = PBXReferenceProxy;
			fileType = wrapper.cfbundle;
			path = UIUnitTests.octest;
			remoteRef = 314AB5111581C09F00447DDC /* PBXContainerItemProxy */;
			sourceTree = BUILT_PRODUCTS_DIR;
		};
		314AB5161581C09F00447DDC /* libThree20UICommon.a */ = {
			isa = PBXReferenceProxy;
			fileType = archive.ar;
			path = libThree20UICommon.a;
			remoteRef = 314AB5151581C09F00447DDC /* PBXContainerItemProxy */;
			sourceTree = BUILT_PRODUCTS_DIR;
		};
		314AB5181581C09F00447DDC /* UICommonUnitTests.octest */ = {
			isa = PBXReferenceProxy;
			fileType = wrapper.cfbundle;
			path = UICommonUnitTests.octest;
			remoteRef = 314AB5171581C09F00447DDC /* PBXContainerItemProxy */;
			sourceTree = BUILT_PRODUCTS_DIR;
		};
		314AB51C1581C09F00447DDC /* libThree20UINavigator.a */ = {
			isa = PBXReferenceProxy;
			fileType = archive.ar;
			path = libThree20UINavigator.a;
			remoteRef = 314AB51B1581C09F00447DDC /* PBXContainerItemProxy */;
			sourceTree = BUILT_PRODUCTS_DIR;
		};
		314AB51E1581C09F00447DDC /* UINavigatorUnitTests.octest */ = {
			isa = PBXReferenceProxy;
			fileType = wrapper.cfbundle;
			path = UINavigatorUnitTests.octest;
			remoteRef = 314AB51D1581C09F00447DDC /* PBXContainerItemProxy */;
			sourceTree = BUILT_PRODUCTS_DIR;
		};
/* End PBXReferenceProxy section */

/* Begin PBXResourcesBuildPhase section */
		314AB4451581A0DF00447DDC /* Resources */ = {
			isa = PBXResourcesBuildPhase;
			buildActionMask = 2147483647;
			files = (
				314AB4561581A0DF00447DDC /* InfoPlist.strings in Resources */,
				314AB4651581A0DF00447DDC /* MasterViewController.xib in Resources */,
				314AB4681581A0DF00447DDC /* DetailViewController.xib in Resources */,
				314AB5451581C1DD00447DDC /* Three20.bundle in Resources */,
			);
			runOnlyForDeploymentPostprocessing = 0;
		};
/* End PBXResourcesBuildPhase section */

/* Begin PBXSourcesBuildPhase section */
		314AB4431581A0DF00447DDC /* Sources */ = {
			isa = PBXSourcesBuildPhase;
			buildActionMask = 2147483647;
			files = (
				314AB4581581A0DF00447DDC /* main.m in Sources */,
				314AB45C1581A0DF00447DDC /* AppDelegate.m in Sources */,
				314AB45F1581A0DF00447DDC /* MasterViewController.m in Sources */,
				314AB4621581A0DF00447DDC /* DetailViewController.m in Sources */,
			);
			runOnlyForDeploymentPostprocessing = 0;
		};
/* End PBXSourcesBuildPhase section */

/* Begin PBXTargetDependency section */
		314AB5271581C11300447DDC /* PBXTargetDependency */ = {
			isa = PBXTargetDependency;
			name = Three20Network;
			targetProxy = 314AB5261581C11300447DDC /* PBXContainerItemProxy */;
		};
		314AB5291581C11300447DDC /* PBXTargetDependency */ = {
			isa = PBXTargetDependency;
			name = Three20UINavigator;
			targetProxy = 314AB5281581C11300447DDC /* PBXContainerItemProxy */;
		};
		314AB52B1581C11300447DDC /* PBXTargetDependency */ = {
			isa = PBXTargetDependency;
			name = Three20UICommon;
			targetProxy = 314AB52A1581C11300447DDC /* PBXContainerItemProxy */;
		};
		314AB52D1581C11300447DDC /* PBXTargetDependency */ = {
			isa = PBXTargetDependency;
			name = Three20;
			targetProxy = 314AB52C1581C11300447DDC /* PBXContainerItemProxy */;
		};
		314AB52F1581C11300447DDC /* PBXTargetDependency */ = {
			isa = PBXTargetDependency;
			name = Three20UI;
			targetProxy = 314AB52E1581C11300447DDC /* PBXContainerItemProxy */;
		};
		314AB5311581C11300447DDC /* PBXTargetDependency */ = {
			isa = PBXTargetDependency;
			name = Three20Style;
			targetProxy = 314AB5301581C11300447DDC /* PBXContainerItemProxy */;
		};
		314AB5331581C11300447DDC /* PBXTargetDependency */ = {
			isa = PBXTargetDependency;
			name = Three20Core;
			targetProxy = 314AB5321581C11300447DDC /* PBXContainerItemProxy */;
		};
		314AB5351581C13F00447DDC /* PBXTargetDependency */ = {
			isa = PBXTargetDependency;
			name = Three20NetworkUnitTests;
			targetProxy = 314AB5341581C13F00447DDC /* PBXContainerItemProxy */;
		};
		314AB5371581C13F00447DDC /* PBXTargetDependency */ = {
			isa = PBXTargetDependency;
			name = Three20UINavigatorUnitTests;
			targetProxy = 314AB5361581C13F00447DDC /* PBXContainerItemProxy */;
		};
		314AB5391581C13F00447DDC /* PBXTargetDependency */ = {
			isa = PBXTargetDependency;
			name = Three20UICommonUnitTests;
			targetProxy = 314AB5381581C13F00447DDC /* PBXContainerItemProxy */;
		};
		314AB53B1581C13F00447DDC /* PBXTargetDependency */ = {
			isa = PBXTargetDependency;
			name = Three20UnitTests;
			targetProxy = 314AB53A1581C13F00447DDC /* PBXContainerItemProxy */;
		};
		314AB53D1581C13F00447DDC /* PBXTargetDependency */ = {
			isa = PBXTargetDependency;
			name = Three20UIUnitTests;
			targetProxy = 314AB53C1581C13F00447DDC /* PBXContainerItemProxy */;
		};
		314AB53F1581C13F00447DDC /* PBXTargetDependency */ = {
			isa = PBXTargetDependency;
			name = Three20StyleUnitTests;
			targetProxy = 314AB53E1581C13F00447DDC /* PBXContainerItemProxy */;
		};
		314AB5411581C13F00447DDC /* PBXTargetDependency */ = {
			isa = PBXTargetDependency;
			name = Three20CoreUnitTests;
			targetProxy = 314AB5401581C13F00447DDC /* PBXContainerItemProxy */;
		};
/* End PBXTargetDependency section */

/* Begin PBXVariantGroup section */
		314AB4541581A0DF00447DDC /* InfoPlist.strings */ = {
			isa = PBXVariantGroup;
			children = (
				314AB4551581A0DF00447DDC /* en */,
			);
			name = InfoPlist.strings;
			sourceTree = "<group>";
		};
		314AB4631581A0DF00447DDC /* MasterViewController.xib */ = {
			isa = PBXVariantGroup;
			children = (
				314AB4641581A0DF00447DDC /* en */,
			);
			name = MasterViewController.xib;
			sourceTree = "<group>";
		};
		314AB4661581A0DF00447DDC /* DetailViewController.xib */ = {
			isa = PBXVariantGroup;
			children = (
				314AB4671581A0DF00447DDC /* en */,
			);
			name = DetailViewController.xib;
			sourceTree = "<group>";
		};
/* End PBXVariantGroup section */

/* Begin XCBuildConfiguration section */
		314AB4691581A0DF00447DDC /* Debug */ = {
			isa = XCBuildConfiguration;
			buildSettings = {
				ALWAYS_SEARCH_USER_PATHS = NO;
				ARCHS = "$(ARCHS_STANDARD_32_BIT)";
				"CODE_SIGN_IDENTITY[sdk=iphoneos*]" = "iPhone Developer";
				COPY_PHASE_STRIP = NO;
				GCC_C_LANGUAGE_STANDARD = gnu99;
				GCC_DYNAMIC_NO_PIC = NO;
				GCC_OPTIMIZATION_LEVEL = 0;
				GCC_PREPROCESSOR_DEFINITIONS = (
					"DEBUG=1",
					"$(inherited)",
				);
				GCC_SYMBOLS_PRIVATE_EXTERN = NO;
				GCC_VERSION = com.apple.compilers.llvm.clang.1_0;
				GCC_WARN_ABOUT_MISSING_PROTOTYPES = YES;
				GCC_WARN_ABOUT_RETURN_TYPE = YES;
				GCC_WARN_UNUSED_VARIABLE = YES;
				IPHONEOS_DEPLOYMENT_TARGET = 5.0;
				SDKROOT = iphoneos5.0;
			};
			name = Debug;
		};
		314AB46A1581A0DF00447DDC /* Release */ = {
			isa = XCBuildConfiguration;
			buildSettings = {
				ALWAYS_SEARCH_USER_PATHS = NO;
				ARCHS = "$(ARCHS_STANDARD_32_BIT)";
				"CODE_SIGN_IDENTITY[sdk=iphoneos*]" = "iPhone Developer";
				COPY_PHASE_STRIP = YES;
				GCC_C_LANGUAGE_STANDARD = gnu99;
				GCC_VERSION = com.apple.compilers.llvm.clang.1_0;
				GCC_WARN_ABOUT_MISSING_PROTOTYPES = YES;
				GCC_WARN_ABOUT_RETURN_TYPE = YES;
				GCC_WARN_UNUSED_VARIABLE = YES;
				IPHONEOS_DEPLOYMENT_TARGET = 5.0;
				OTHER_CFLAGS = "-DNS_BLOCK_ASSERTIONS=1";
				SDKROOT = iphoneos5.0;
				VALIDATE_PRODUCT = YES;
			};
			name = Release;
		};
		314AB46C1581A0DF00447DDC /* Debug */ = {
			isa = XCBuildConfiguration;
			buildSettings = {
				GCC_PRECOMPILE_PREFIX_HEADER = YES;
				GCC_PREFIX_HEADER = "Tree20Demo/Tree20Demo-Prefix.pch";
				HEADER_SEARCH_PATHS = (
					../three20/Build/Products/three20,
					../../frameworks/three20/Build/Products/three20,
					"$(BUILT_PRODUCTS_DIR)/../three20",
					"$(BUILT_PRODUCTS_DIR)/../../three20",
					../frameworks/three20/Build/Products/three20,
				);
				INFOPLIST_FILE = "Tree20Demo/Tree20Demo-Info.plist";
				IPHONEOS_DEPLOYMENT_TARGET = 5.0;
				OTHER_LDFLAGS = "-ObjC";
				PRODUCT_NAME = "$(TARGET_NAME)";
				WRAPPER_EXTENSION = app;
			};
			name = Debug;
		};
		314AB46D1581A0DF00447DDC /* Release */ = {
			isa = XCBuildConfiguration;
			buildSettings = {
				GCC_PRECOMPILE_PREFIX_HEADER = YES;
				GCC_PREFIX_HEADER = "Tree20Demo/Tree20Demo-Prefix.pch";
				HEADER_SEARCH_PATHS = (
					../three20/Build/Products/three20,
					../../frameworks/three20/Build/Products/three20,
					"$(BUILT_PRODUCTS_DIR)/../three20",
					"$(BUILT_PRODUCTS_DIR)/../../three20",
					../frameworks/three20/Build/Products/three20,
				);
				INFOPLIST_FILE = "Tree20Demo/Tree20Demo-Info.plist";
				IPHONEOS_DEPLOYMENT_TARGET = 5.0;
				OTHER_LDFLAGS = "-ObjC";
				PRODUCT_NAME = "$(TARGET_NAME)";
				WRAPPER_EXTENSION = app;
			};
			name = Release;
		};
/* End XCBuildConfiguration section */

/* Begin XCConfigurationList section */
		314AB4411581A0DF00447DDC /* Build configuration list for PBXProject "Tree20Demo" */ = {
			isa = XCConfigurationList;
			buildConfigurations = (
				314AB4691581A0DF00447DDC /* Debug */,
				314AB46A1581A0DF00447DDC /* Release */,
			);
			defaultConfigurationIsVisible = 0;
			defaultConfigurationName = Release;
		};
		314AB46B1581A0DF00447DDC /* Build configuration list for PBXNativeTarget "Tree20Demo" */ = {
			isa = XCConfigurationList;
			buildConfigurations = (
				314AB46C1581A0DF00447DDC /* Debug */,
				314AB46D1581A0DF00447DDC /* Release */,
			);
			defaultConfigurationIsVisible = 0;
			defaultConfigurationName = Release;
		};
/* End XCConfigurationList section */
	};
	rootObject = 314AB43E1581A0DF00447DDC /* Project object */;
}
