// !$*UTF8*$!
{
	archiveVersion = 1;
	classes = {
	};
	objectVersion = 46;
	objects = {

/* Begin PBXBuildFile section */
		314AB44C1581A0DF00447DDC /* UIKit.framework in Frameworks */ = {isa = PBXBuildFile; fileRef = 314AB44B1581A0DF00447DDC /* UIKit.framework */; };
		314AB44E1581A0DF00447DDC /* Foundation.framework in Frameworks */ = {isa = PBXBuildFile; fileRef = 314AB44D1581A0DF00447DDC /* Foundation.framework */; };
		314AB4501581A0DF00447DDC /* CoreGraphics.framework in Frameworks */ = {isa = PBXBuildFile; fileRef = 314AB44F1581A0DF00447DDC /* CoreGraphics.framework */; };
		314AB4561581A0DF00447DDC /* InfoPlist.strings in Resources */ = {isa = PBXBuildFile; fileRef = 314AB4541581A0DF00447DDC /* InfoPlist.strings */; };
		314AB4581581A0DF00447DDC /* main.m in Sources */ = {isa = PBXBuildFile; fileRef = 314AB4571581A0DF00447DDC /* main.m */; };
		314AB45C1581A0DF00447DDC /* AppDelegate.m in Sources */ = {isa = PBXBuildFile; fileRef = 314AB45B1581A0DF00447DDC /* AppDelegate.m */; };
		314AB45F1581A0DF00447DDC /* MasterViewController.m in Sources */ = {isa = PBXBuildFile; fileRef = 314AB45E1581A0DF00447DDC /* MasterViewController.m */; };
		314AB4621581A0DF00447DDC /* DetailViewController.m in Sources */ = {isa = PBXBuildFile; fileRef = 314AB4611581A0DF00447DDC /* DetailViewController.m */; };
		314AB4651581A0DF00447DDC /* MasterViewController.xib in Resources */ = {isa = PBXBuildFile; fileRef = 314AB4631581A0DF00447DDC /* MasterViewController.xib */; };
		314AB4681581A0DF00447DDC /* DetailViewController.xib in Resources */ = {isa = PBXBuildFile; fileRef = 314AB4661581A0DF00447DDC /* DetailViewController.xib */; };
/* End PBXBuildFile section */

/* Begin PBXFileReference section */
		314AB4471581A0DF00447DDC /* Tree20Demo.app */ = {isa = PBXFileReference; explicitFileType = wrapper.application; includeInIndex = 0; path = Tree20Demo.app; sourceTree = BUILT_PRODUCTS_DIR; };
		314AB44B1581A0DF00447DDC /* UIKit.framework */ = {isa = PBXFileReference; lastKnownFileType = wrapper.framework; name = UIKit.framework; path = System/Library/Frameworks/UIKit.framework; sourceTree = SDKROOT; };
		314AB44D1581A0DF00447DDC /* Foundation.framework */ = {isa = PBXFileReference; lastKnownFileType = wrapper.framework; name = Foundation.framework; path = System/Library/Frameworks/Foundation.framework; sourceTree = SDKROOT; };
		314AB44F1581A0DF00447DDC /* CoreGraphics.framework */ = {isa = PBXFileReference; lastKnownFileType = wrapper.framework; name = CoreGraphics.framework; path = System/Library/Frameworks/CoreGraphics.framework; sourceTree = SDKROOT; };
		314AB4531581A0DF00447DDC /* Tree20Demo-Info.plist */ = {isa = PBXFileReference; path = "Tree20Demo-Info.plist"; sourceTree = "<group>"; };
		314AB4551581A0DF00447DDC /* en */ = {isa = PBXFileReference; lastKnownFileType = text.plist.strings; name = en; path = en.lproj/InfoPlist.strings; sourceTree = "<group>"; };
		314AB4571581A0DF00447DDC /* main.m */ = {isa = PBXFileReference; lastKnownFileType = sourcecode.c.objc; path = main.m; sourceTree = "<group>"; };
		314AB4591581A0DF00447DDC /* Tree20Demo-Prefix.pch */ = {isa = PBXFileReference; path = "Tree20Demo-Prefix.pch"; sourceTree = "<group>"; };
		314AB45A1581A0DF00447DDC /* AppDelegate.h */ = {isa = PBXFileReference; path = AppDelegate.h; sourceTree = "<group>"; };
		314AB45B1581A0DF00447DDC /* AppDelegate.m */ = {isa = PBXFileReference; lastKnownFileType = sourcecode.c.objc; path = AppDelegate.m; sourceTree = "<group>"; };
		314AB45D1581A0DF00447DDC /* MasterViewController.h */ = {isa = PBXFileReference; path = MasterViewController.h; sourceTree = "<group>"; };
		314AB45E1581A0DF00447DDC /* MasterViewController.m */ = {isa = PBXFileReference; lastKnownFileType = sourcecode.c.objc; path = MasterViewController.m; sourceTree = "<group>"; };
		314AB4601581A0DF00447DDC /* DetailViewController.h */ = {isa = PBXFileReference; path = DetailViewController.h; sourceTree = "<group>"; };
		314AB4611581A0DF00447DDC /* DetailViewController.m */ = {isa = PBXFileReference; lastKnownFileType = sourcecode.c.objc; path = DetailViewController.m; sourceTree = "<group>"; };
		314AB4641581A0DF00447DDC /* en */ = {isa = PBXFileReference; lastKnownFileType = file.xib; name = en; path = en.lproj/MasterViewController.xib; sourceTree = "<group>"; };
		314AB4671581A0DF00447DDC /* en */ = {isa = PBXFileReference; lastKnownFileType = file.xib; name = en; path = en.lproj/DetailViewController.xib; sourceTree = "<group>"; };
/* End PBXFileReference section */

/* Begin PBXFrameworksBuildPhase section */
		314AB4441581A0DF00447DDC /* Frameworks */ = {
			isa = PBXFrameworksBuildPhase;
			buildActionMask = 2147483647;
			files = (
				314AB44C1581A0DF00447DDC /* UIKit.framework in Frameworks */,
				314AB44E1581A0DF00447DDC /* Foundation.framework in Frameworks */,
				314AB4501581A0DF00447DDC /* CoreGraphics.framework in Frameworks */,
			);
			runOnlyForDeploymentPostprocessing = 0;
		};
/* End PBXFrameworksBuildPhase section */

/* Begin PBXGroup section */
		314AB43C1581A0DF00447DDC = {
			isa = PBXGroup;
			children = (
				314AB4511581A0DF00447DDC /* Tree20Demo */,
				314AB44A1581A0DF00447DDC /* Frameworks */,
				314AB4481581A0DF00447DDC /* Products */,
			);
			sourceTree = "<group>";
		};
		314AB4481581A0DF00447DDC /* Products */ = {
			isa = PBXGroup;
			children = (
				314AB4471581A0DF00447DDC /* Tree20Demo.app */,
			);
			name = Products;
			sourceTree = "<group>";
		};
		314AB44A1581A0DF00447DDC /* Frameworks */ = {
			isa = PBXGroup;
			children = (
				314AB44B1581A0DF00447DDC /* UIKit.framework */,
				314AB44D1581A0DF00447DDC /* Foundation.framework */,
				314AB44F1581A0DF00447DDC /* CoreGraphics.framework */,
			);
			name = Frameworks;
			sourceTree = "<group>";
		};
		314AB4511581A0DF00447DDC /* Tree20Demo */ = {
			isa = PBXGroup;
			children = (
				314AB45A1581A0DF00447DDC /* AppDelegate.h */,
				314AB45B1581A0DF00447DDC /* AppDelegate.m */,
				314AB45D1581A0DF00447DDC /* MasterViewController.h */,
				314AB45E1581A0DF00447DDC /* MasterViewController.m */,
				314AB4601581A0DF00447DDC /* DetailViewController.h */,
				314AB4611581A0DF00447DDC /* DetailViewController.m */,
				314AB4631581A0DF00447DDC /* MasterViewController.xib */,
				314AB4661581A0DF00447DDC /* DetailViewController.xib */,
				314AB4521581A0DF00447DDC /* Supporting Files */,
			);
			path = Tree20Demo;
			sourceTree = "<group>";
		};
		314AB4521581A0DF00447DDC /* Supporting Files */ = {
			isa = PBXGroup;
			children = (
				314AB4531581A0DF00447DDC /* Tree20Demo-Info.plist */,
				314AB4541581A0DF00447DDC /* InfoPlist.strings */,
				314AB4571581A0DF00447DDC /* main.m */,
				314AB4591581A0DF00447DDC /* Tree20Demo-Prefix.pch */,
			);
			name = "Supporting Files";
			sourceTree = "<group>";
		};
/* End PBXGroup section */

/* Begin PBXNativeTarget section */
		314AB4461581A0DF00447DDC /* Tree20Demo */ = {
			isa = PBXNativeTarget;
			buildConfigurationList = 314AB46B1581A0DF00447DDC /* Build configuration list for PBXNativeTarget "Tree20Demo" */;
			buildPhases = (
				314AB4431581A0DF00447DDC /* Sources */,
				314AB4441581A0DF00447DDC /* Frameworks */,
				314AB4451581A0DF00447DDC /* Resources */,
			);
			buildRules = (
			);
			dependencies = (
			);
			name = Tree20Demo;
			productName = Tree20Demo;
			productReference = 314AB4471581A0DF00447DDC /* Tree20Demo.app */;
			productType = "com.apple.product-type.application";
		};
/* End PBXNativeTarget section */

/* Begin PBXProject section */
		314AB43E1581A0DF00447DDC /* Project object */ = {
			isa = PBXProject;
			attributes = {
				LastUpgradeCheck = 0420;
			};
			buildConfigurationList = 314AB4411581A0DF00447DDC /* Build configuration list for PBXProject "Tree20Demo" */;
			compatibilityVersion = "Xcode 3.2";
			developmentRegion = English;
			hasScannedForEncodings = 0;
			knownRegions = (
				en,
			);
			mainGroup = 314AB43C1581A0DF00447DDC;
			productRefGroup = 314AB4481581A0DF00447DDC /* Products */;
			projectDirPath = "";
			projectRoot = "";
			targets = (
				314AB4461581A0DF00447DDC /* Tree20Demo */,
			);
		};
/* End PBXProject section */

/* Begin PBXResourcesBuildPhase section */
		314AB4451581A0DF00447DDC /* Resources */ = {
			isa = PBXResourcesBuildPhase;
			buildActionMask = 2147483647;
			files = (
				314AB4561581A0DF00447DDC /* InfoPlist.strings in Resources */,
				314AB4651581A0DF00447DDC /* MasterViewController.xib in Resources */,
				314AB4681581A0DF00447DDC /* DetailViewController.xib in Resources */,
			);
			runOnlyForDeploymentPostprocessing = 0;
		};
/* End PBXResourcesBuildPhase section */

/* Begin PBXSourcesBuildPhase section */
		314AB4431581A0DF00447DDC /* Sources */ = {
			isa = PBXSourcesBuildPhase;
			buildActionMask = 2147483647;
			files = (
				314AB4581581A0DF00447DDC /* main.m in Sources */,
				314AB45C1581A0DF00447DDC /* AppDelegate.m in Sources */,
				314AB45F1581A0DF00447DDC /* MasterViewController.m in Sources */,
				314AB4621581A0DF00447DDC /* DetailViewController.m in Sources */,
			);
			runOnlyForDeploymentPostprocessing = 0;
		};
/* End PBXSourcesBuildPhase section */

/* Begin PBXVariantGroup section */
		314AB4541581A0DF00447DDC /* InfoPlist.strings */ = {
			isa = PBXVariantGroup;
			children = (
				314AB4551581A0DF00447DDC /* en */,
			);
			name = InfoPlist.strings;
			sourceTree = "<group>";
		};
		314AB4631581A0DF00447DDC /* MasterViewController.xib */ = {
			isa = PBXVariantGroup;
			children = (
				314AB4641581A0DF00447DDC /* en */,
			);
			name = MasterViewController.xib;
			sourceTree = "<group>";
		};
		314AB4661581A0DF00447DDC /* DetailViewController.xib */ = {
			isa = PBXVariantGroup;
			children = (
				314AB4671581A0DF00447DDC /* en */,
			);
			name = DetailViewController.xib;
			sourceTree = "<group>";
		};
/* End PBXVariantGroup section */

/* Begin XCBuildConfiguration section */
		314AB4691581A0DF00447DDC /* Debug */ = {
			isa = XCBuildConfiguration;
			buildSettings = {
				ALWAYS_SEARCH_USER_PATHS = NO;
				ARCHS = "$(ARCHS_STANDARD_32_BIT)";
				"CODE_SIGN_IDENTITY[sdk=iphoneos*]" = "iPhone Developer";
				COPY_PHASE_STRIP = NO;
				GCC_C_LANGUAGE_STANDARD = gnu99;
				GCC_DYNAMIC_NO_PIC = NO;
				GCC_OPTIMIZATION_LEVEL = 0;
				GCC_PREPROCESSOR_DEFINITIONS = (
					"DEBUG=1",
					"$(inherited)",
				);
				GCC_SYMBOLS_PRIVATE_EXTERN = NO;
				GCC_VERSION = com.apple.compilers.llvm.clang.1_0;
				GCC_WARN_ABOUT_MISSING_PROTOTYPES = YES;
				GCC_WARN_ABOUT_RETURN_TYPE = YES;
				GCC_WARN_UNUSED_VARIABLE = YES;
				IPHONEOS_DEPLOYMENT_TARGET = 5.1;
				SDKROOT = iphoneos;
			};
			name = Debug;
		};
		314AB46A1581A0DF00447DDC /* Release */ = {
			isa = XCBuildConfiguration;
			buildSettings = {
				ALWAYS_SEARCH_USER_PATHS = NO;
				ARCHS = "$(ARCHS_STANDARD_32_BIT)";
				"CODE_SIGN_IDENTITY[sdk=iphoneos*]" = "iPhone Developer";
				COPY_PHASE_STRIP = YES;
				GCC_C_LANGUAGE_STANDARD = gnu99;
				GCC_VERSION = com.apple.compilers.llvm.clang.1_0;
				GCC_WARN_ABOUT_MISSING_PROTOTYPES = YES;
				GCC_WARN_ABOUT_RETURN_TYPE = YES;
				GCC_WARN_UNUSED_VARIABLE = YES;
				IPHONEOS_DEPLOYMENT_TARGET = 5.1;
				OTHER_CFLAGS = "-DNS_BLOCK_ASSERTIONS=1";
				SDKROOT = iphoneos;
				VALIDATE_PRODUCT = YES;
			};
			name = Release;
		};
		314AB46C1581A0DF00447DDC /* Debug */ = {
			isa = XCBuildConfiguration;
			buildSettings = {
				GCC_PRECOMPILE_PREFIX_HEADER = YES;
				GCC_PREFIX_HEADER = "Tree20Demo/Tree20Demo-Prefix.pch";
				INFOPLIST_FILE = "Tree20Demo/Tree20Demo-Info.plist";
				PRODUCT_NAME = "$(TARGET_NAME)";
				WRAPPER_EXTENSION = app;
			};
			name = Debug;
		};
		314AB46D1581A0DF00447DDC /* Release */ = {
			isa = XCBuildConfiguration;
			buildSettings = {
				GCC_PRECOMPILE_PREFIX_HEADER = YES;
				GCC_PREFIX_HEADER = "Tree20Demo/Tree20Demo-Prefix.pch";
				INFOPLIST_FILE = "Tree20Demo/Tree20Demo-Info.plist";
				PRODUCT_NAME = "$(TARGET_NAME)";
				WRAPPER_EXTENSION = app;
			};
			name = Release;
		};
/* End XCBuildConfiguration section */

/* Begin XCConfigurationList section */
		314AB4411581A0DF00447DDC /* Build configuration list for PBXProject "Tree20Demo" */ = {
			isa = XCConfigurationList;
			buildConfigurations = (
				314AB4691581A0DF00447DDC /* Debug */,
				314AB46A1581A0DF00447DDC /* Release */,
			);
			defaultConfigurationIsVisible = 0;
			defaultConfigurationName = Release;
		};
		314AB46B1581A0DF00447DDC /* Build configuration list for PBXNativeTarget "Tree20Demo" */ = {
			isa = XCConfigurationList;
			buildConfigurations = (
				314AB46C1581A0DF00447DDC /* Debug */,
				314AB46D1581A0DF00447DDC /* Release */,
			);
			defaultConfigurationIsVisible = 0;
		};
/* End XCConfigurationList section */
	};
	rootObject = 314AB43E1581A0DF00447DDC /* Project object */;
}
